
Microsoft Visual Studio Solution File, Format Version 12.00
# Visual Studio Version 16
VisualStudioVersion = 16.0.31424.327
MinimumVisualStudioVersion = 10.0.40219.1
Project("{9A19103F-16F7-4668-BE54-9A1E7A4F7556}") = "Library", "Library\Library.csproj", "{178E8AED-AFA5-4186-A2DC-F386DE9D7290}"
EndProject
Project("{9A19103F-16F7-4668-BE54-9A1E7A4F7556}") = "LibraryData", "LibraryData\LibraryData.csproj", "{1FD21385-ADBB-4D95-B014-5C15CBC70868}"
EndProject
Project("{9A19103F-16F7-4668-BE54-9A1E7A4F7556}") = "LibraryServices", "LibraryServices\LibraryServices.csproj", "{B16CA85B-A7F9-4B5B-9509-FB6A50514267}"
EndProject
Global
	GlobalSection(SolutionConfigurationPlatforms) = preSolution
		Debug|Any CPU = Debug|Any CPU
		Release|Any CPU = Release|Any CPU
	EndGlobalSection
	GlobalSection(ProjectConfigurationPlatforms) = postSolution
		{178E8AED-AFA5-4186-A2DC-F386DE9D7290}.Debug|Any CPU.ActiveCfg = Debug|Any CPU
		{178E8AED-AFA5-4186-A2DC-F386DE9D7290}.Debug|Any CPU.Build.0 = Debug|Any CPU
		{178E8AED-AFA5-4186-A2DC-F386DE9D7290}.Release|Any CPU.ActiveCfg = Release|Any CPU
		{178E8AED-AFA5-4186-A2DC-F386DE9D7290}.Release|Any CPU.Build.0 = Release|Any CPU
		{1FD21385-ADBB-4D95-B014-5C15CBC70868}.Debug|Any CPU.ActiveCfg = Debug|Any CPU
		{1FD21385-ADBB-4D95-B014-5C15CBC70868}.Debug|Any CPU.Build.0 = Debug|Any CPU
		{1FD21385-ADBB-4D95-B014-5C15CBC70868}.Release|Any CPU.ActiveCfg = Release|Any CPU
		{1FD21385-ADBB-4D95-B014-5C15CBC70868}.Release|Any CPU.Build.0 = Release|Any CPU
		{B16CA85B-A7F9-4B5B-9509-FB6A50514267}.Debug|Any CPU.ActiveCfg = Debug|Any CPU
		{B16CA85B-A7F9-4B5B-9509-FB6A50514267}.Debug|Any CPU.Build.0 = Debug|Any CPU
		{B16CA85B-A7F9-4B5B-9509-FB6A50514267}.Release|Any CPU.ActiveCfg = Release|Any CPU
		{B16CA85B-A7F9-4B5B-9509-FB6A50514267}.Release|Any CPU.Build.0 = Release|Any CPU
	EndGlobalSection
	GlobalSection(SolutionProperties) = preSolution
		HideSolutionNode = FALSE
	EndGlobalSection
	GlobalSection(ExtensibilityGlobals) = postSolution
		SolutionGuid = {AAC9D267-3206-431C-9078-54A3B2CF138C}
	EndGlobalSection
EndGlobal
